version = 1
revision = 3
requires-python = ">=3.12"

[[package]]
name = "numexpr"
version = "2.14.1"
source = { registry = "https://pypi.org/simple" }
dependencies = [
    { name = "numpy" },
]
sdist = { url = "https://files.pythonhosted.org/packages/cb/2f/fdba158c9dbe5caca9c3eca3eaffffb251f2fb8674bf8e2d0aed5f38d319/numexpr-2.14.1.tar.gz", hash = "sha256:4be00b1086c7b7a5c32e31558122b7b80243fe098579b170967da83f3152b48b", size = 119400, upload-time = "2025-10-13T16:17:27.351Z" }
wheels = [
    { url = "https://files.pythonhosted.org/packages/9d/20/c473fc04a371f5e2f8c5749e04505c13e7a8ede27c09e9f099b2ad6f43d6/numexpr-2.14.1-cp312-cp312-macosx_10_13_x86_64.whl", hash = "sha256:91ebae0ab18c799b0e6b8c5a8d11e1fa3848eb4011271d99848b297468a39430", size = 162790, upload-time = "2025-10-13T16:16:34.903Z" },
    { url = "https://files.pythonhosted.org/packages/45/93/b6760dd1904c2a498e5f43d1bb436f59383c3ddea3815f1461dfaa259373/numexpr-2.14.1-cp312-cp312-macosx_11_0_arm64.whl", hash = "sha256:47041f2f7b9e69498fb311af672ba914a60e6e6d804011caacb17d66f639e659", size = 152196, upload-time = "2025-10-13T16:16:36.593Z" },
    { url = "https://files.pythonhosted.org/packages/72/94/cc921e35593b820521e464cbbeaf8212bbdb07f16dc79fe283168df38195/numexpr-2.14.1-cp312-cp312-manylinux_2_27_aarch64.manylinux_2_28_aarch64.whl", hash = "sha256:d686dfb2c1382d9e6e0ee0b7647f943c1886dba3adbf606c625479f35f1956c1", size = 452468, upload-time = "2025-10-13T16:13:29.531Z" },
    { url = "https://files.pythonhosted.org/packages/d9/43/560e9ba23c02c904b5934496486d061bcb14cd3ebba2e3cf0e2dccb6c22b/numexpr-2.14.1-cp312-cp312-manylinux_2_27_x86_64.manylinux_2_28_x86_64.whl", hash = "sha256:eee6d4fbbbc368e6cdd0772734d6249128d957b3b8ad47a100789009f4de7083", size = 443631, upload-time = "2025-10-13T16:15:02.473Z" },
    { url = "https://files.pythonhosted.org/packages/7b/6c/78f83b6219f61c2c22d71ab6e6c2d4e5d7381334c6c29b77204e59edb039/numexpr-2.14.1-cp312-cp312-musllinux_1_2_aarch64.whl", hash = "sha256:3a2839efa25f3c8d4133252ea7342d8f81226c7c4dda81f97a57e090b9d87a48", size = 1417670, upload-time = "2025-10-13T16:13:33.464Z" },
    { url = "https://files.pythonhosted.org/packages/0e/bb/1ccc9dcaf46281568ce769888bf16294c40e98a5158e4b16c241de31d0d3/numexpr-2.14.1-cp312-cp312-musllinux_1_2_x86_64.whl", hash = "sha256:9f9137f1351b310436662b5dc6f4082a245efa8950c3b0d9008028df92fefb9b", size = 1466212, upload-time = "2025-10-13T16:15:12.828Z" },
    { url = "https://files.pythonhosted.org/packages/31/9f/203d82b9e39dadd91d64bca55b3c8ca432e981b822468dcef41a4418626b/numexpr-2.14.1-cp312-cp312-win32.whl", hash = "sha256:36f8d5c1bd1355df93b43d766790f9046cccfc1e32b7c6163f75bcde682cda07", size = 166996, upload-time = "2025-10-13T16:17:10.369Z" },
    { url = "https://files.pythonhosted.org/packages/1f/67/ffe750b5452eb66de788c34e7d21ec6d886abb4d7c43ad1dc88ceb3d998f/numexpr-2.14.1-cp312-cp312-win_amd64.whl", hash = "sha256:fdd886f4b7dbaf167633ee396478f0d0aa58ea2f9e7ccc3c6431019623e8d68f", size = 160187, upload-time = "2025-10-13T16:17:11.974Z" },
    { url = "https://files.pythonhosted.org/packages/73/b4/9f6d637fd79df42be1be29ee7ba1f050fab63b7182cb922a0e08adc12320/numexpr-2.14.1-cp313-cp313-macosx_10_13_x86_64.whl", hash = "sha256:09078ba73cffe94745abfbcc2d81ab8b4b4e9d7bfbbde6cac2ee5dbf38eee222", size = 162794, upload-time = "2025-10-13T16:16:38.291Z" },
    { url = "https://files.pythonhosted.org/packages/35/ae/d58558d8043de0c49f385ea2fa789e3cfe4d436c96be80200c5292f45f15/numexpr-2.14.1-cp313-cp313-macosx_11_0_arm64.whl", hash = "sha256:dce0b5a0447baa7b44bc218ec2d7dcd175b8eee6083605293349c0c1d9b82fb6", size = 152203, upload-time = "2025-10-13T16:16:39.907Z" },
    { url = "https://files.pythonhosted.org/packages/13/65/72b065f9c75baf8f474fd5d2b768350935989d4917db1c6c75b866d4067c/numexpr-2.14.1-cp313-cp313-manylinux_2_27_aarch64.manylinux_2_28_aarch64.whl", hash = "sha256:06855053de7a3a8425429bd996e8ae3c50b57637ad3e757e0fa0602a7874be30", size = 455860, upload-time = "2025-10-13T16:13:35.811Z" },
    { url = "https://files.pythonhosted.org/packages/fc/f9/c9457652dfe28e2eb898372da2fe786c6db81af9540c0f853ee04a0699cc/numexpr-2.14.1-cp313-cp313-manylinux_2_27_x86_64.manylinux_2_28_x86_64.whl", hash = "sha256:05f9366d23a2e991fd5a8b5e61a17558f028ba86158a4552f8f239b005cdf83c", size = 446574, upload-time = "2025-10-13T16:15:17.367Z" },
    { url = "https://files.pythonhosted.org/packages/b6/99/8d3879c4d67d3db5560cf2de65ce1778b80b75f6fa415eb5c3e7bd37ba27/numexpr-2.14.1-cp313-cp313-musllinux_1_2_aarch64.whl", hash = "sha256:c5f1b1605695778896534dfc6e130d54a65cd52be7ed2cd0cfee3981fd676bf5", size = 1417306, upload-time = "2025-10-13T16:13:42.813Z" },
    { url = "https://files.pythonhosted.org/packages/ea/05/6bddac9f18598ba94281e27a6943093f7d0976544b0cb5d92272c64719bd/numexpr-2.14.1-cp313-cp313-musllinux_1_2_x86_64.whl", hash = "sha256:a4ba71db47ea99c659d88ee6233fa77b6dc83392f1d324e0c90ddf617ae3f421", size = 1466145, upload-time = "2025-10-13T16:15:27.464Z" },
    { url = "https://files.pythonhosted.org/packages/24/5d/cbeb67aca0c5a76ead13df7e8bd8dd5e0d49145f90da697ba1d9f07005b0/numexpr-2.14.1-cp313-cp313-win32.whl", hash = "sha256:638dce8320f4a1483d5ca4fda69f60a70ed7e66be6e68bc23fb9f1a6b78a9e3b", size = 166996, upload-time = "2025-10-13T16:17:13.803Z" },
    { url = "https://files.pythonhosted.org/packages/cc/23/9281bceaeb282cead95f0aa5f7f222ffc895670ea689cc1398355f6e3001/numexpr-2.14.1-cp313-cp313-win_amd64.whl", hash = "sha256:9fdcd4735121658a313f878fd31136d1bfc6a5b913219e7274e9fca9f8dac3bb", size = 160189, upload-time = "2025-10-13T16:17:15.417Z" },
    { url = "https://files.pythonhosted.org/packages/f3/76/7aac965fd93a56803cbe502aee2adcad667253ae34b0badf6c5af7908b6c/numexpr-2.14.1-cp313-cp313t-macosx_10_13_x86_64.whl", hash = "sha256:557887ad7f5d3c2a40fd7310e50597045a68e66b20a77b3f44d7bc7608523b4b", size = 163524, upload-time = "2025-10-13T16:16:42.213Z" },
    { url = "https://files.pythonhosted.org/packages/58/65/79d592d5e63fbfab3b59a60c386853d9186a44a3fa3c87ba26bdc25b6195/numexpr-2.14.1-cp313-cp313t-macosx_11_0_arm64.whl", hash = "sha256:af111c8fe6fc55d15e4c7cab11920fc50740d913636d486545b080192cd0ad73", size = 152919, upload-time = "2025-10-13T16:16:44.229Z" },
    { url = "https://files.pythonhosted.org/packages/84/78/3c8335f713d4aeb99fa758d7c62f0be1482d4947ce5b508e2052bb7aeee9/numexpr-2.14.1-cp313-cp313t-manylinux_2_27_aarch64.manylinux_2_28_aarch64.whl", hash = "sha256:33265294376e7e2ae4d264d75b798a915d2acf37b9dd2b9405e8b04f84d05cfc", size = 465972, upload-time = "2025-10-13T16:13:45.061Z" },
    { url = "https://files.pythonhosted.org/packages/35/81/9ee5f69b811e8f18746c12d6f71848617684edd3161927f95eee7a305631/numexpr-2.14.1-cp313-cp313t-manylinux_2_27_x86_64.manylinux_2_28_x86_64.whl", hash = "sha256:83647d846d3eeeb9a9255311236135286728b398d0d41d35dedb532dca807fe9", size = 456953, upload-time = "2025-10-13T16:15:31.186Z" },
    { url = "https://files.pythonhosted.org/packages/6d/39/9b8bc6e294d85cbb54a634e47b833e9f3276a8bdf7ce92aa808718a0212d/numexpr-2.14.1-cp313-cp313t-musllinux_1_2_aarch64.whl", hash = "sha256:6e575fd3ad41ddf3355d0c7ef6bd0168619dc1779a98fe46693cad5e95d25e6e", size = 1426199, upload-time = "2025-10-13T16:13:48.231Z" },
    { url = "https://files.pythonhosted.org/packages/1e/ce/0d4fcd31ab49319740d934fba1734d7dad13aa485532ca754e555ca16c8b/numexpr-2.14.1-cp313-cp313t-musllinux_1_2_x86_64.whl", hash = "sha256:67ea4771029ce818573b1998f5ca416bd255156feea017841b86176a938f7d19", size = 1474214, upload-time = "2025-10-13T16:15:38.893Z" },
    { url = "https://files.pythonhosted.org/packages/b7/47/b2a93cbdb3ba4e009728ad1b9ef1550e2655ea2c86958ebaf03b9615f275/numexpr-2.14.1-cp313-cp313t-win32.whl", hash = "sha256:15015d47d3d1487072d58c0e7682ef2eb608321e14099c39d52e2dd689483611", size = 167676, upload-time = "2025-10-13T16:17:17.351Z" },
    { url = "https://files.pythonhosted.org/packages/86/99/ee3accc589ed032eea68e12172515ed96a5568534c213ad109e1f4411df1/numexpr-2.14.1-cp313-cp313t-win_amd64.whl", hash = "sha256:94c711f6d8f17dfb4606842b403699603aa591ab9f6bf23038b488ea9cfb0f09", size = 161096, upload-time = "2025-10-13T16:17:19.174Z" },
    { url = "https://files.pythonhosted.org/packages/ac/36/9db78dfbfdfa1f8bf0872993f1a334cdd8fca5a5b6567e47dcb128bcb7c2/numexpr-2.14.1-cp314-cp314-macosx_10_13_x86_64.whl", hash = "sha256:ede79f7ff06629f599081de644546ce7324f1581c09b0ac174da88a470d39c21", size = 162848, upload-time = "2025-10-13T16:16:46.216Z" },
    { url = "https://files.pythonhosted.org/packages/13/c1/a5c78ae637402c5550e2e0ba175275d2515d432ec28af0cdc23c9b476e65/numexpr-2.14.1-cp314-cp314-macosx_11_0_arm64.whl", hash = "sha256:2eac7a5a2f70b3768c67056445d1ceb4ecd9b853c8eda9563823b551aeaa5082", size = 152270, upload-time = "2025-10-13T16:16:47.92Z" },
    { url = "https://files.pythonhosted.org/packages/9a/ed/aabd8678077848dd9a751c5558c2057839f5a09e2a176d8dfcd0850ee00e/numexpr-2.14.1-cp314-cp314-manylinux_2_27_aarch64.manylinux_2_28_aarch64.whl", hash = "sha256:5aedf38d4c0c19d3cecfe0334c3f4099fb496f54c146223d30fa930084bc8574", size = 455918, upload-time = "2025-10-13T16:13:50.338Z" },
    { url = "https://files.pythonhosted.org/packages/88/e1/3db65117f02cdefb0e5e4c440daf1c30beb45051b7f47aded25b7f4f2f34/numexpr-2.14.1-cp314-cp314-manylinux_2_27_x86_64.manylinux_2_28_x86_64.whl", hash = "sha256:439ec4d57b853792ebe5456e3160312281c3a7071ecac5532ded3278ede614de", size = 446512, upload-time = "2025-10-13T16:15:42.313Z" },
    { url = "https://files.pythonhosted.org/packages/9a/fb/7ceb9ee55b5f67e4a3e4d73d5af4c7e37e3c9f37f54bee90361b64b17e3f/numexpr-2.14.1-cp314-cp314-musllinux_1_2_aarch64.whl", hash = "sha256:e23b87f744e04e302d82ac5e2189ae20a533566aec76a46885376e20b0645bf8", size = 1417845, upload-time = "2025-10-13T16:13:53.836Z" },
    { url = "https://files.pythonhosted.org/packages/45/2d/9b5764d0eafbbb2889288f80de773791358acf6fad1a55767538d8b79599/numexpr-2.14.1-cp314-cp314-musllinux_1_2_x86_64.whl", hash = "sha256:44f84e0e5af219dbb62a081606156420815890e041b87252fbcea5df55214c4c", size = 1466211, upload-time = "2025-10-13T16:15:48.985Z" },
    { url = "https://files.pythonhosted.org/packages/5d/21/204db708eccd71aa8bc55bcad55bc0fc6c5a4e01ad78e14ee5714a749386/numexpr-2.14.1-cp314-cp314-win32.whl", hash = "sha256:1f1a5e817c534539351aa75d26088e9e1e0ef1b3a6ab484047618a652ccc4fc3", size = 168835, upload-time = "2025-10-13T16:17:20.82Z" },
    { url = "https://files.pythonhosted.org/packages/4f/3e/d83e9401a1c3449a124f7d4b3fb44084798e0d30f7c11e60712d9b94cf11/numexpr-2.14.1-cp314-cp314-win_amd64.whl", hash = "sha256:587c41509bc373dfb1fe6086ba55a73147297247bedb6d588cda69169fc412f2", size = 162608, upload-time = "2025-10-13T16:17:22.228Z" },
    { url = "https://files.pythonhosted.org/packages/7f/d6/ec947806bb57836d6379a8c8a253c2aeaa602b12fef2336bfd2462bb4ed5/numexpr-2.14.1-cp314-cp314t-macosx_10_13_x86_64.whl", hash = "sha256:ec368819502b64f190c3f71be14a304780b5935c42aae5bf22c27cc2cbba70b5", size = 163525, upload-time = "2025-10-13T16:16:50.133Z" },
    { url = "https://files.pythonhosted.org/packages/0d/77/048f30dcf661a3d52963a88c29b52b6d5ce996d38e9313a56a922451c1e0/numexpr-2.14.1-cp314-cp314t-macosx_11_0_arm64.whl", hash = "sha256:7e87f6d203ac57239de32261c941e9748f9309cbc0da6295eabd0c438b920d3a", size = 152917, upload-time = "2025-10-13T16:16:52.055Z" },
    { url = "https://files.pythonhosted.org/packages/9e/d3/956a13e628d722d649fbf2fded615134a308c082e122a48bad0e90a99ce9/numexpr-2.14.1-cp314-cp314t-manylinux_2_27_aarch64.manylinux_2_28_aarch64.whl", hash = "sha256:dd72d8c2a165fe45ea7650b16eb8cc1792a94a722022006bb97c86fe51fd2091", size = 466242, upload-time = "2025-10-13T16:13:55.795Z" },
    { url = "https://files.pythonhosted.org/packages/d6/dd/abe848678d82486940892f2cacf39e82eec790e8930d4d713d3f9191063b/numexpr-2.14.1-cp314-cp314t-manylinux_2_27_x86_64.manylinux_2_28_x86_64.whl", hash = "sha256:70d80fcb418a54ca208e9a38e58ddc425c07f66485176b261d9a67c7f2864f73", size = 457149, upload-time = "2025-10-13T16:15:52.036Z" },
    { url = "https://files.pythonhosted.org/packages/fd/bb/797b583b5fb9da5700a5708ca6eb4f889c94d81abb28de4d642c0f4b3258/numexpr-2.14.1-cp314-cp314t-musllinux_1_2_aarch64.whl", hash = "sha256:edea2f20c2040df8b54ee8ca8ebda63de9545b2112872466118e9df4d0ae99f3", size = 1426493, upload-time = "2025-10-13T16:13:59.244Z" },
    { url = "https://files.pythonhosted.org/packages/77/c4/0519ab028fdc35e3e7ee700def7f2b4631b175cd9e1202bd7966c1695c33/numexpr-2.14.1-cp314-cp314t-musllinux_1_2_x86_64.whl", hash = "sha256:790447be6879a6c51b9545f79612d24c9ea0a41d537a84e15e6a8ddef0b6268e", size = 1474413, upload-time = "2025-10-13T16:15:59.211Z" },
    { url = "https://files.pythonhosted.org/packages/d4/4a/33044878c8f4a75213cfe9c11d4c02058bb710a7a063fe14f362e8de1077/numexpr-2.14.1-cp314-cp314t-win32.whl", hash = "sha256:538961096c2300ea44240209181e31fae82759d26b51713b589332b9f2a4117e", size = 169502, upload-time = "2025-10-13T16:17:23.829Z" },
    { url = "https://files.pythonhosted.org/packages/41/a2/5a1a2c72528b429337f49911b18c302ecd36eeab00f409147e1aa4ae4519/numexpr-2.14.1-cp314-cp314t-win_amd64.whl", hash = "sha256:a40b350cd45b4446076fa11843fa32bbe07024747aeddf6d467290bf9011b392", size = 163589, upload-time = "2025-10-13T16:17:25.696Z" },
]

[[package]]
name = "numpy"
version = "2.2.4"
source = { registry = "https://pypi.org/simple" }
sdist = { url = "https://files.pythonhosted.org/packages/e1/78/31103410a57bc2c2b93a3597340a8119588571f6a4539067546cb9a0bfac/numpy-2.2.4.tar.gz", hash = "sha256:9ba03692a45d3eef66559efe1d1096c4b9b75c0986b5dff5530c378fb8331d4f", size = 20270701, upload-time = "2025-03-16T18:27:00.648Z" }
wheels = [
    { url = "https://files.pythonhosted.org/packages/a2/30/182db21d4f2a95904cec1a6f779479ea1ac07c0647f064dea454ec650c42/numpy-2.2.4-cp312-cp312-macosx_10_13_x86_64.whl", hash = "sha256:a7b9084668aa0f64e64bd00d27ba5146ef1c3a8835f3bd912e7a9e01326804c4", size = 20947156, upload-time = "2025-03-16T18:09:51.975Z" },
    { url = "https://files.pythonhosted.org/packages/24/6d/9483566acfbda6c62c6bc74b6e981c777229d2af93c8eb2469b26ac1b7bc/numpy-2.2.4-cp312-cp312-macosx_11_0_arm64.whl", hash = "sha256:dbe512c511956b893d2dacd007d955a3f03d555ae05cfa3ff1c1ff6df8851854", size = 14133092, upload-time = "2025-03-16T18:10:16.329Z" },
    { url = "https://files.pythonhosted.org/packages/27/f6/dba8a258acbf9d2bed2525cdcbb9493ef9bae5199d7a9cb92ee7e9b2aea6/numpy-2.2.4-cp312-cp312-macosx_14_0_arm64.whl", hash = "sha256:bb649f8b207ab07caebba230d851b579a3c8711a851d29efe15008e31bb4de24", size = 5163515, upload-time = "2025-03-16T18:10:26.19Z" },
    { url = "https://files.pythonhosted.org/packages/62/30/82116199d1c249446723c68f2c9da40d7f062551036f50b8c4caa42ae252/numpy-2.2.4-cp312-cp312-macosx_14_0_x86_64.whl", hash = "sha256:f34dc300df798742b3d06515aa2a0aee20941c13579d7a2f2e10af01ae4901ee", size = 6696558, upload-time = "2025-03-16T18:10:38.996Z" },
    { url = "https://files.pythonhosted.org/packages/0e/b2/54122b3c6df5df3e87582b2e9430f1bdb63af4023c739ba300164c9ae503/numpy-2.2.4-cp312-cp312-manylinux_2_17_aarch64.manylinux2014_aarch64.whl", hash = "sha256:c3f7ac96b16955634e223b579a3e5798df59007ca43e8d451a0e6a50f6bfdfba", size = 14084742, upload-time = "2025-03-16T18:11:02.76Z" },
    { url = "https://files.pythonhosted.org/packages/02/e2/e2cbb8d634151aab9528ef7b8bab52ee4ab10e076509285602c2a3a686e0/numpy-2.2.4-cp312-cp312-manylinux_2_17_x86_64.manylinux2014_x86_64.whl", hash = "sha256:4f92084defa704deadd4e0a5ab1dc52d8ac9e8a8ef617f3fbb853e79b0ea3592", size = 16134051, upload-time = "2025-03-16T18:11:32.767Z" },
    { url = "https://files.pythonhosted.org/packages/8e/21/efd47800e4affc993e8be50c1b768de038363dd88865920439ef7b422c60/numpy-2.2.4-cp312-cp312-musllinux_1_2_aarch64.whl", hash = "sha256:7a4e84a6283b36632e2a5b56e121961f6542ab886bc9e12f8f9818b3c266bfbb", size = 15578972, upload-time = "2025-03-16T18:11:59.877Z" },
    { url = "https://files.pythonhosted.org/packages/04/1e/f8bb88f6157045dd5d9b27ccf433d016981032690969aa5c19e332b138c0/numpy-2.2.4-cp312-cp312-musllinux_1_2_x86_64.whl", hash = "sha256:11c43995255eb4127115956495f43e9343736edb7fcdb0d973defd9de14cd84f", size = 17898106, upload-time = "2025-03-16T18:12:31.487Z" },
    { url = "https://files.pythonhosted.org/packages/2b/93/df59a5a3897c1f036ae8ff845e45f4081bb06943039ae28a3c1c7c780f22/numpy-2.2.4-cp312-cp312-win32.whl", hash = "sha256:65ef3468b53269eb5fdb3a5c09508c032b793da03251d5f8722b1194f1790c00", size = 6311190, upload-time = "2025-03-16T18:12:44.46Z" },
    { url = "https://files.pythonhosted.org/packages/46/69/8c4f928741c2a8efa255fdc7e9097527c6dc4e4df147e3cadc5d9357ce85/numpy-2.2.4-cp312-cp312-win_amd64.whl", hash = "sha256:2aad3c17ed2ff455b8eaafe06bcdae0062a1db77cb99f4b9cbb5f4ecb13c5146", size = 12644305, upload-time = "2025-03-16T18:13:06.864Z" },
    { url = "https://files.pythonhosted.org/packages/2a/d0/bd5ad792e78017f5decfb2ecc947422a3669a34f775679a76317af671ffc/numpy-2.2.4-cp313-cp313-macosx_10_13_x86_64.whl", hash = "sha256:1cf4e5c6a278d620dee9ddeb487dc6a860f9b199eadeecc567f777daace1e9e7", size = 20933623, upload-time = "2025-03-16T18:13:43.231Z" },
    { url = "https://files.pythonhosted.org/packages/c3/bc/2b3545766337b95409868f8e62053135bdc7fa2ce630aba983a2aa60b559/numpy-2.2.4-cp313-cp313-macosx_11_0_arm64.whl", hash = "sha256:1974afec0b479e50438fc3648974268f972e2d908ddb6d7fb634598cdb8260a0", size = 14148681, upload-time = "2025-03-16T18:14:08.031Z" },
    { url = "https://files.pythonhosted.org/packages/6a/70/67b24d68a56551d43a6ec9fe8c5f91b526d4c1a46a6387b956bf2d64744e/numpy-2.2.4-cp313-cp313-macosx_14_0_arm64.whl", hash = "sha256:79bd5f0a02aa16808fcbc79a9a376a147cc1045f7dfe44c6e7d53fa8b8a79392", size = 5148759, upload-time = "2025-03-16T18:14:18.613Z" },
    { url = "https://files.pythonhosted.org/packages/1c/8b/e2fc8a75fcb7be12d90b31477c9356c0cbb44abce7ffb36be39a0017afad/numpy-2.2.4-cp313-cp313-macosx_14_0_x86_64.whl", hash = "sha256:3387dd7232804b341165cedcb90694565a6015433ee076c6754775e85d86f1fc", size = 6683092, upload-time = "2025-03-16T18:14:31.386Z" },
    { url = "https://files.pythonhosted.org/packages/13/73/41b7b27f169ecf368b52533edb72e56a133f9e86256e809e169362553b49/numpy-2.2.4-cp313-cp313-manylinux_2_17_aarch64.manylinux2014_aarch64.whl", hash = "sha256:6f527d8fdb0286fd2fd97a2a96c6be17ba4232da346931d967a0630050dfd298", size = 14081422, upload-time = "2025-03-16T18:14:54.83Z" },
    { url = "https://files.pythonhosted.org/packages/4b/04/e208ff3ae3ddfbafc05910f89546382f15a3f10186b1f56bd99f159689c2/numpy-2.2.4-cp313-cp313-manylinux_2_17_x86_64.manylinux2014_x86_64.whl", hash = "sha256:bce43e386c16898b91e162e5baaad90c4b06f9dcbe36282490032cec98dc8ae7", size = 16132202, upload-time = "2025-03-16T18:15:22.035Z" },
    { url = "https://files.pythonhosted.org/packages/fe/bc/2218160574d862d5e55f803d88ddcad88beff94791f9c5f86d67bd8fbf1c/numpy-2.2.4-cp313-cp313-musllinux_1_2_aarch64.whl", hash = "sha256:31504f970f563d99f71a3512d0c01a645b692b12a63630d6aafa0939e52361e6", size = 15573131, upload-time = "2025-03-16T18:15:48.546Z" },
    { url = "https://files.pythonhosted.org/packages/a5/78/97c775bc4f05abc8a8426436b7cb1be806a02a2994b195945600855e3a25/numpy-2.2.4-cp313-cp313-musllinux_1_2_x86_64.whl", hash = "sha256:81413336ef121a6ba746892fad881a83351ee3e1e4011f52e97fba79233611fd", size = 17894270, upload-time = "2025-03-16T18:16:20.274Z" },
    { url = "https://files.pythonhosted.org/packages/b9/eb/38c06217a5f6de27dcb41524ca95a44e395e6a1decdc0c99fec0832ce6ae/numpy-2.2.4-cp313-cp313-win32.whl", hash = "sha256:f486038e44caa08dbd97275a9a35a283a8f1d2f0ee60ac260a1790e76660833c", size = 6308141, upload-time = "2025-03-16T18:20:15.297Z" },
    { url = "https://files.pythonhosted.org/packages/52/17/d0dd10ab6d125c6d11ffb6dfa3423c3571befab8358d4f85cd4471964fcd/numpy-2.2.4-cp313-cp313-win_amd64.whl", hash = "sha256:207a2b8441cc8b6a2a78c9ddc64d00d20c303d79fba08c577752f080c4007ee3", size = 12636885, upload-time = "2025-03-16T18:20:36.982Z" },
    { url = "https://files.pythonhosted.org/packages/fa/e2/793288ede17a0fdc921172916efb40f3cbc2aa97e76c5c84aba6dc7e8747/numpy-2.2.4-cp313-cp313t-macosx_10_13_x86_64.whl", hash = "sha256:8120575cb4882318c791f839a4fd66161a6fa46f3f0a5e613071aae35b5dd8f8", size = 20961829, upload-time = "2025-03-16T18:16:56.191Z" },
    { url = "https://files.pythonhosted.org/packages/3a/75/bb4573f6c462afd1ea5cbedcc362fe3e9bdbcc57aefd37c681be1155fbaa/numpy-2.2.4-cp313-cp313t-macosx_11_0_arm64.whl", hash = "sha256:a761ba0fa886a7bb33c6c8f6f20213735cb19642c580a931c625ee377ee8bd39", size = 14161419, upload-time = "2025-03-16T18:17:22.811Z" },
    { url = "https://files.pythonhosted.org/packages/03/68/07b4cd01090ca46c7a336958b413cdbe75002286295f2addea767b7f16c9/numpy-2.2.4-cp313-cp313t-macosx_14_0_arm64.whl", hash = "sha256:ac0280f1ba4a4bfff363a99a6aceed4f8e123f8a9b234c89140f5e894e452ecd", size = 5196414, upload-time = "2025-03-16T18:17:34.066Z" },
    { url = "https://files.pythonhosted.org/packages/a5/fd/d4a29478d622fedff5c4b4b4cedfc37a00691079623c0575978d2446db9e/numpy-2.2.4-cp313-cp313t-macosx_14_0_x86_64.whl", hash = "sha256:879cf3a9a2b53a4672a168c21375166171bc3932b7e21f622201811c43cdd3b0", size = 6709379, upload-time = "2025-03-16T18:17:47.466Z" },
    { url = "https://files.pythonhosted.org/packages/41/78/96dddb75bb9be730b87c72f30ffdd62611aba234e4e460576a068c98eff6/numpy-2.2.4-cp313-cp313t-manylinux_2_17_aarch64.manylinux2014_aarch64.whl", hash = "sha256:f05d4198c1bacc9124018109c5fba2f3201dbe7ab6e92ff100494f236209c960", size = 14051725, upload-time = "2025-03-16T18:18:11.904Z" },
    { url = "https://files.pythonhosted.org/packages/00/06/5306b8199bffac2a29d9119c11f457f6c7d41115a335b78d3f86fad4dbe8/numpy-2.2.4-cp313-cp313t-manylinux_2_17_x86_64.manylinux2014_x86_64.whl", hash = "sha256:e2f085ce2e813a50dfd0e01fbfc0c12bbe5d2063d99f8b29da30e544fb6483b8", size = 16101638, upload-time = "2025-03-16T18:18:40.749Z" },
    { url = "https://files.pythonhosted.org/packages/fa/03/74c5b631ee1ded596945c12027649e6344614144369fd3ec1aaced782882/numpy-2.2.4-cp313-cp313t-musllinux_1_2_aarch64.whl", hash = "sha256:92bda934a791c01d6d9d8e038363c50918ef7c40601552a58ac84c9613a665bc", size = 15571717, upload-time = "2025-03-16T18:19:04.512Z" },
    { url = "https://files.pythonhosted.org/packages/cb/dc/4fc7c0283abe0981e3b89f9b332a134e237dd476b0c018e1e21083310c31/numpy-2.2.4-cp313-cp313t-musllinux_1_2_x86_64.whl", hash = "sha256:ee4d528022f4c5ff67332469e10efe06a267e32f4067dc76bb7e2cddf3cd25ff", size = 17879998, upload-time = "2025-03-16T18:19:32.52Z" },
    { url = "https://files.pythonhosted.org/packages/e5/2b/878576190c5cfa29ed896b518cc516aecc7c98a919e20706c12480465f43/numpy-2.2.4-cp313-cp313t-win32.whl", hash = "sha256:05c076d531e9998e7e694c36e8b349969c56eadd2cdcd07242958489d79a7286", size = 6366896, upload-time = "2025-03-16T18:19:43.55Z" },
    { url = "https://files.pythonhosted.org/packages/3e/05/eb7eec66b95cf697f08c754ef26c3549d03ebd682819f794cb039574a0a6/numpy-2.2.4-cp313-cp313t-win_amd64.whl", hash = "sha256:188dcbca89834cc2e14eb2f106c96d6d46f200fe0200310fc29089657379c58d", size = 12739119, upload-time = "2025-03-16T18:20:03.94Z" },
]

[[package]]
name = "pandas"
version = "2.3.3"
source = { registry = "https://pypi.org/simple" }
dependencies = [
    { name = "numpy" },
    { name = "python-dateutil" },
    { name = "pytz" },
    { name = "tzdata" },
]
sdist = { url = "https://files.pythonhosted.org/packages/33/01/d40b85317f86cf08d853a4f495195c73815fdf205eef3993821720274518/pandas-2.3.3.tar.gz", hash = "sha256:e05e1af93b977f7eafa636d043f9f94c7ee3ac81af99c13508215942e64c993b", size = 4495223, upload-time = "2025-09-29T23:34:51.853Z" }
wheels = [
    { url = "https://files.pythonhosted.org/packages/9c/fb/231d89e8637c808b997d172b18e9d4a4bc7bf31296196c260526055d1ea0/pandas-2.3.3-cp312-cp312-macosx_10_13_x86_64.whl", hash = "sha256:6d21f6d74eb1725c2efaa71a2bfc661a0689579b58e9c0ca58a739ff0b002b53", size = 11597846, upload-time = "2025-09-29T23:19:48.856Z" },
    { url = "https://files.pythonhosted.org/packages/5c/bd/bf8064d9cfa214294356c2d6702b716d3cf3bb24be59287a6a21e24cae6b/pandas-2.3.3-cp312-cp312-macosx_11_0_arm64.whl", hash = "sha256:3fd2f887589c7aa868e02632612ba39acb0b8948faf5cc58f0850e165bd46f35", size = 10729618, upload-time = "2025-09-29T23:39:08.659Z" },
    { url = "https://files.pythonhosted.org/packages/57/56/cf2dbe1a3f5271370669475ead12ce77c61726ffd19a35546e31aa8edf4e/pandas-2.3.3-cp312-cp312-manylinux_2_24_aarch64.manylinux_2_28_aarch64.whl", hash = "sha256:ecaf1e12bdc03c86ad4a7ea848d66c685cb6851d807a26aa245ca3d2017a1908", size = 11737212, upload-time = "2025-09-29T23:19:59.765Z" },
    { url = "https://files.pythonhosted.org/packages/e5/63/cd7d615331b328e287d8233ba9fdf191a9c2d11b6af0c7a59cfcec23de68/pandas-2.3.3-cp312-cp312-manylinux_2_24_x86_64.manylinux_2_28_x86_64.whl", hash = "sha256:b3d11d2fda7eb164ef27ffc14b4fcab16a80e1ce67e9f57e19ec0afaf715ba89", size = 12362693, upload-time = "2025-09-29T23:20:14.098Z" },
    { url = "https://files.pythonhosted.org/packages/a6/de/8b1895b107277d52f2b42d3a6806e69cfef0d5cf1d0ba343470b9d8e0a04/pandas-2.3.3-cp312-cp312-musllinux_1_2_aarch64.whl", hash = "sha256:a68e15f780eddf2b07d242e17a04aa187a7ee12b40b930bfdd78070556550e98", size = 12771002, upload-time = "2025-09-29T23:20:26.76Z" },
    { url = "https://files.pythonhosted.org/packages/87/21/84072af3187a677c5893b170ba2c8fbe450a6ff911234916da889b698220/pandas-2.3.3-cp312-cp312-musllinux_1_2_x86_64.whl", hash = "sha256:371a4ab48e950033bcf52b6527eccb564f52dc826c02afd9a1bc0ab731bba084", size = 13450971, upload-time = "2025-09-29T23:20:41.344Z" },
    { url = "https://files.pythonhosted.org/packages/86/41/585a168330ff063014880a80d744219dbf1dd7a1c706e75ab3425a987384/pandas-2.3.3-cp312-cp312-win_amd64.whl", hash = "sha256:a16dcec078a01eeef8ee61bf64074b4e524a2a3f4b3be9326420cabe59c4778b", size = 10992722, upload-time = "2025-09-29T23:20:54.139Z" },
    { url = "https://files.pythonhosted.org/packages/cd/4b/18b035ee18f97c1040d94debd8f2e737000ad70ccc8f5513f4eefad75f4b/pandas-2.3.3-cp313-cp313-macosx_10_13_x86_64.whl", hash = "sha256:56851a737e3470de7fa88e6131f41281ed440d29a9268dcbf0002da5ac366713", size = 11544671, upload-time = "2025-09-29T23:21:05.024Z" },
    { url = "https://files.pythonhosted.org/packages/31/94/72fac03573102779920099bcac1c3b05975c2cb5f01eac609faf34bed1ca/pandas-2.3.3-cp313-cp313-macosx_11_0_arm64.whl", hash = "sha256:bdcd9d1167f4885211e401b3036c0c8d9e274eee67ea8d0758a256d60704cfe8", size = 10680807, upload-time = "2025-09-29T23:21:15.979Z" },
    { url = "https://files.pythonhosted.org/packages/16/87/9472cf4a487d848476865321de18cc8c920b8cab98453ab79dbbc98db63a/pandas-2.3.3-cp313-cp313-manylinux_2_24_aarch64.manylinux_2_28_aarch64.whl", hash = "sha256:e32e7cc9af0f1cc15548288a51a3b681cc2a219faa838e995f7dc53dbab1062d", size = 11709872, upload-time = "2025-09-29T23:21:27.165Z" },
    { url = "https://files.pythonhosted.org/packages/15/07/284f757f63f8a8d69ed4472bfd85122bd086e637bf4ed09de572d575a693/pandas-2.3.3-cp313-cp313-manylinux_2_24_x86_64.manylinux_2_28_x86_64.whl", hash = "sha256:318d77e0e42a628c04dc56bcef4b40de67918f7041c2b061af1da41dcff670ac", size = 12306371, upload-time = "2025-09-29T23:21:40.532Z" },
    { url = "https://files.pythonhosted.org/packages/33/81/a3afc88fca4aa925804a27d2676d22dcd2031c2ebe08aabd0ae55b9ff282/pandas-2.3.3-cp313-cp313-musllinux_1_2_aarch64.whl", hash = "sha256:4e0a175408804d566144e170d0476b15d78458795bb18f1304fb94160cabf40c", size = 12765333, upload-time = "2025-09-29T23:21:55.77Z" },
    { url = "https://files.pythonhosted.org/packages/8d/0f/b4d4ae743a83742f1153464cf1a8ecfafc3ac59722a0b5c8602310cb7158/pandas-2.3.3-cp313-cp313-musllinux_1_2_x86_64.whl", hash = "sha256:93c2d9ab0fc11822b5eece72ec9587e172f63cff87c00b062f6e37448ced4493", size = 13418120, upload-time = "2025-09-29T23:22:10.109Z" },
    { url = "https://files.pythonhosted.org/packages/4f/c7/e54682c96a895d0c808453269e0b5928a07a127a15704fedb643e9b0a4c8/pandas-2.3.3-cp313-cp313-win_amd64.whl", hash = "sha256:f8bfc0e12dc78f777f323f55c58649591b2cd0c43534e8355c51d3fede5f4dee", size = 10993991, upload-time = "2025-09-29T23:25:04.889Z" },
    { url = "https://files.pythonhosted.org/packages/f9/ca/3f8d4f49740799189e1395812f3bf23b5e8fc7c190827d55a610da72ce55/pandas-2.3.3-cp313-cp313t-macosx_10_13_x86_64.whl", hash = "sha256:75ea25f9529fdec2d2e93a42c523962261e567d250b0013b16210e1d40d7c2e5", size = 12048227, upload-time = "2025-09-29T23:22:24.343Z" },
    { url = "https://files.pythonhosted.org/packages/0e/5a/f43efec3e8c0cc92c4663ccad372dbdff72b60bdb56b2749f04aa1d07d7e/pandas-2.3.3-cp313-cp313t-macosx_11_0_arm64.whl", hash = "sha256:74ecdf1d301e812db96a465a525952f4dde225fdb6d8e5a521d47e1f42041e21", size = 11411056, upload-time = "2025-09-29T23:22:37.762Z" },
    { url = "https://files.pythonhosted.org/packages/46/b1/85331edfc591208c9d1a63a06baa67b21d332e63b7a591a5ba42a10bb507/pandas-2.3.3-cp313-cp313t-manylinux_2_24_aarch64.manylinux_2_28_aarch64.whl", hash = "sha256:6435cb949cb34ec11cc9860246ccb2fdc9ecd742c12d3304989017d53f039a78", size = 11645189, upload-time = "2025-09-29T23:22:51.688Z" },
    { url = "https://files.pythonhosted.org/packages/44/23/78d645adc35d94d1ac4f2a3c4112ab6f5b8999f4898b8cdf01252f8df4a9/pandas-2.3.3-cp313-cp313t-manylinux_2_24_x86_64.manylinux_2_28_x86_64.whl", hash = "sha256:900f47d8f20860de523a1ac881c4c36d65efcb2eb850e6948140fa781736e110", size = 12121912, upload-time = "2025-09-29T23:23:05.042Z" },
    { url = "https://files.pythonhosted.org/packages/53/da/d10013df5e6aaef6b425aa0c32e1fc1f3e431e4bcabd420517dceadce354/pandas-2.3.3-cp313-cp313t-musllinux_1_2_aarch64.whl", hash = "sha256:a45c765238e2ed7d7c608fc5bc4a6f88b642f2f01e70c0c23d2224dd21829d86", size = 12712160, upload-time = "2025-09-29T23:23:28.57Z" },
    { url = "https://files.pythonhosted.org/packages/bd/17/e756653095a083d8a37cbd816cb87148debcfcd920129b25f99dd8d04271/pandas-2.3.3-cp313-cp313t-musllinux_1_2_x86_64.whl", hash = "sha256:c4fc4c21971a1a9f4bdb4c73978c7f7256caa3e62b323f70d6cb80db583350bc", size = 13199233, upload-time = "2025-09-29T23:24:24.876Z" },
    { url = "https://files.pythonhosted.org/packages/04/fd/74903979833db8390b73b3a8a7d30d146d710bd32703724dd9083950386f/pandas-2.3.3-cp314-cp314-macosx_10_13_x86_64.whl", hash = "sha256:ee15f284898e7b246df8087fc82b87b01686f98ee67d85a17b7ab44143a3a9a0", size = 11540635, upload-time = "2025-09-29T23:25:52.486Z" },
    { url = "https://files.pythonhosted.org/packages/21/00/266d6b357ad5e6d3ad55093a7e8efc7dd245f5a842b584db9f30b0f0a287/pandas-2.3.3-cp314-cp314-macosx_11_0_arm64.whl", hash = "sha256:1611aedd912e1ff81ff41c745822980c49ce4a7907537be8692c8dbc31924593", size = 10759079, upload-time = "2025-09-29T23:26:33.204Z" },
    { url = "https://files.pythonhosted.org/packages/ca/05/d01ef80a7a3a12b2f8bbf16daba1e17c98a2f039cbc8e2f77a2c5a63d382/pandas-2.3.3-cp314-cp314-manylinux_2_24_aarch64.manylinux_2_28_aarch64.whl", hash = "sha256:6d2cefc361461662ac48810cb14365a365ce864afe85ef1f447ff5a1e99ea81c", size = 11814049, upload-time = "2025-09-29T23:27:15.384Z" },
    { url = "https://files.pythonhosted.org/packages/15/b2/0e62f78c0c5ba7e3d2c5945a82456f4fac76c480940f805e0b97fcbc2f65/pandas-2.3.3-cp314-cp314-manylinux_2_24_x86_64.manylinux_2_28_x86_64.whl", hash = "sha256:ee67acbbf05014ea6c763beb097e03cd629961c8a632075eeb34247120abcb4b", size = 12332638, upload-time = "2025-09-29T23:27:51.625Z" },
    { url = "https://files.pythonhosted.org/packages/c5/33/dd70400631b62b9b29c3c93d2feee1d0964dc2bae2e5ad7a6c73a7f25325/pandas-2.3.3-cp314-cp314-musllinux_1_2_aarch64.whl", hash = "sha256:c46467899aaa4da076d5abc11084634e2d197e9460643dd455ac3db5856b24d6", size = 12886834, upload-time = "2025-09-29T23:28:21.289Z" },
    { url = "https://files.pythonhosted.org/packages/d3/18/b5d48f55821228d0d2692b34fd5034bb185e854bdb592e9c640f6290e012/pandas-2.3.3-cp314-cp314-musllinux_1_2_x86_64.whl", hash = "sha256:6253c72c6a1d990a410bc7de641d34053364ef8bcd3126f7e7450125887dffe3", size = 13409925, upload-time = "2025-09-29T23:28:58.261Z" },
    { url = "https://files.pythonhosted.org/packages/a6/3d/124ac75fcd0ecc09b8fdccb0246ef65e35b012030defb0e0eba2cbbbe948/pandas-2.3.3-cp314-cp314-win_amd64.whl", hash = "sha256:1b07204a219b3b7350abaae088f451860223a52cfb8a6c53358e7948735158e5", size = 11109071, upload-time = "2025-09-29T23:32:27.484Z" },
    { url = "https://files.pythonhosted.org/packages/89/9c/0e21c895c38a157e0faa1fb64587a9226d6dd46452cac4532d80c3c4a244/pandas-2.3.3-cp314-cp314t-macosx_10_13_x86_64.whl", hash = "sha256:2462b1a365b6109d275250baaae7b760fd25c726aaca0054649286bcfbb3e8ec", size = 12048504, upload-time = "2025-09-29T23:29:31.47Z" },
    { url = "https://files.pythonhosted.org/packages/d7/82/b69a1c95df796858777b68fbe6a81d37443a33319761d7c652ce77797475/pandas-2.3.3-cp314-cp314t-macosx_11_0_arm64.whl", hash = "sha256:0242fe9a49aa8b4d78a4fa03acb397a58833ef6199e9aa40a95f027bb3a1b6e7", size = 11410702, upload-time = "2025-09-29T23:29:54.591Z" },
    { url = "https://files.pythonhosted.org/packages/f9/88/702bde3ba0a94b8c73a0181e05144b10f13f29ebfc2150c3a79062a8195d/pandas-2.3.3-cp314-cp314t-manylinux_2_24_aarch64.manylinux_2_28_aarch64.whl", hash = "sha256:a21d830e78df0a515db2b3d2f5570610f5e6bd2e27749770e8bb7b524b89b450", size = 11634535, upload-time = "2025-09-29T23:30:21.003Z" },
    { url = "https://files.pythonhosted.org/packages/a4/1e/1bac1a839d12e6a82ec6cb40cda2edde64a2013a66963293696bbf31fbbb/pandas-2.3.3-cp314-cp314t-manylinux_2_24_x86_64.manylinux_2_28_x86_64.whl", hash = "sha256:2e3ebdb170b5ef78f19bfb71b0dc5dc58775032361fa188e814959b74d726dd5", size = 12121582, upload-time = "2025-09-29T23:30:43.391Z" },
    { url = "https://files.pythonhosted.org/packages/44/91/483de934193e12a3b1d6ae7c8645d083ff88dec75f46e827562f1e4b4da6/pandas-2.3.3-cp314-cp314t-musllinux_1_2_aarch64.whl", hash = "sha256:d051c0e065b94b7a3cea50eb1ec32e912cd96dba41647eb24104b6c6c14c5788", size = 12699963, upload-time = "2025-09-29T23:31:10.009Z" },
    { url = "https://files.pythonhosted.org/packages/70/44/5191d2e4026f86a2a109053e194d3ba7a31a2d10a9c2348368c63ed4e85a/pandas-2.3.3-cp314-cp314t-musllinux_1_2_x86_64.whl", hash = "sha256:3869faf4bd07b3b66a9f462417d0ca3a9df29a9f6abd5d0d0dbab15dac7abe87", size = 13202175, upload-time = "2025-09-29T23:31:59.173Z" },
]

[[package]]
name = "pandas-util"
version = "0.1.0"
source = { editable = "." }
dependencies = [
    { name = "numexpr" },
    { name = "pandas" },
    { name = "tabulate" },
]

[package.dev-dependencies]
dev = [
    { name = "ruff" },
]

[package.metadata]
requires-dist = [
    { name = "numexpr", specifier = ">=2.14.1" },
    { name = "pandas", specifier = "==2.3.3" },
    { name = "tabulate", specifier = ">=0.9.0" },
]

[package.metadata.requires-dev]
dev = [{ name = "ruff", specifier = "==0.14.1" }]

[[package]]
name = "python-dateutil"
version = "2.9.0.post0"
source = { registry = "https://pypi.org/simple" }
dependencies = [
    { name = "six" },
]
sdist = { url = "https://files.pythonhosted.org/packages/66/c0/0c8b6ad9f17a802ee498c46e004a0eb49bc148f2fd230864601a86dcf6db/python-dateutil-2.9.0.post0.tar.gz", hash = "sha256:37dd54208da7e1cd875388217d5e00ebd4179249f90fb72437e91a35459a0ad3", size = 342432, upload-time = "2024-03-01T18:36:20.211Z" }
wheels = [
    { url = "https://files.pythonhosted.org/packages/ec/57/56b9bcc3c9c6a792fcbaf139543cee77261f3651ca9da0c93f5c1221264b/python_dateutil-2.9.0.post0-py2.py3-none-any.whl", hash = "sha256:a8b2bc7bffae282281c8140a97d3aa9c14da0b136dfe83f850eea9a5f7470427", size = 229892, upload-time = "2024-03-01T18:36:18.57Z" },
]

[[package]]
name = "pytz"
version = "2025.1"
source = { registry = "https://pypi.org/simple" }
sdist = { url = "https://files.pythonhosted.org/packages/5f/57/df1c9157c8d5a05117e455d66fd7cf6dbc46974f832b1058ed4856785d8a/pytz-2025.1.tar.gz", hash = "sha256:c2db42be2a2518b28e65f9207c4d05e6ff547d1efa4086469ef855e4ab70178e", size = 319617, upload-time = "2025-01-31T01:54:48.615Z" }
wheels = [
    { url = "https://files.pythonhosted.org/packages/eb/38/ac33370d784287baa1c3d538978b5e2ea064d4c1b93ffbd12826c190dd10/pytz-2025.1-py2.py3-none-any.whl", hash = "sha256:89dd22dca55b46eac6eda23b2d72721bf1bdfef212645d81513ef5d03038de57", size = 507930, upload-time = "2025-01-31T01:54:45.634Z" },
]

[[package]]
name = "ruff"
version = "0.14.1"
source = { registry = "https://pypi.org/simple" }
sdist = { url = "https://files.pythonhosted.org/packages/9e/58/6ca66896635352812de66f71cdf9ff86b3a4f79071ca5730088c0cd0fc8d/ruff-0.14.1.tar.gz", hash = "sha256:1dd86253060c4772867c61791588627320abcb6ed1577a90ef432ee319729b69", size = 5513429, upload-time = "2025-10-16T18:05:41.766Z" }
wheels = [
    { url = "https://files.pythonhosted.org/packages/8d/39/9cc5ab181478d7a18adc1c1e051a84ee02bec94eb9bdfd35643d7c74ca31/ruff-0.14.1-py3-none-linux_armv6l.whl", hash = "sha256:083bfc1f30f4a391ae09c6f4f99d83074416b471775b59288956f5bc18e82f8b", size = 12445415, upload-time = "2025-10-16T18:04:48.227Z" },
    { url = "https://files.pythonhosted.org/packages/ef/2e/1226961855ccd697255988f5a2474890ac7c5863b080b15bd038df820818/ruff-0.14.1-py3-none-macosx_10_12_x86_64.whl", hash = "sha256:f6fa757cd717f791009f7669fefb09121cc5f7d9bd0ef211371fad68c2b8b224", size = 12784267, upload-time = "2025-10-16T18:04:52.515Z" },
    { url = "https://files.pythonhosted.org/packages/c1/ea/fd9e95863124ed159cd0667ec98449ae461de94acda7101f1acb6066da00/ruff-0.14.1-py3-none-macosx_11_0_arm64.whl", hash = "sha256:d6191903d39ac156921398e9c86b7354d15e3c93772e7dbf26c9fcae59ceccd5", size = 11781872, upload-time = "2025-10-16T18:04:55.396Z" },
    { url = "https://files.pythonhosted.org/packages/1e/5a/e890f7338ff537dba4589a5e02c51baa63020acfb7c8cbbaea4831562c96/ruff-0.14.1-py3-none-manylinux_2_17_aarch64.manylinux2014_aarch64.whl", hash = "sha256:ed04f0e04f7a4587244e5c9d7df50e6b5bf2705d75059f409a6421c593a35896", size = 12226558, upload-time = "2025-10-16T18:04:58.166Z" },
    { url = "https://files.pythonhosted.org/packages/a6/7a/8ab5c3377f5bf31e167b73651841217542bcc7aa1c19e83030835cc25204/ruff-0.14.1-py3-none-manylinux_2_17_armv7l.manylinux2014_armv7l.whl", hash = "sha256:5c9e6cf6cd4acae0febbce29497accd3632fe2025c0c583c8b87e8dbdeae5f61", size = 12187898, upload-time = "2025-10-16T18:05:01.455Z" },
    { url = "https://files.pythonhosted.org/packages/48/8d/ba7c33aa55406955fc124e62c8259791c3d42e3075a71710fdff9375134f/ruff-0.14.1-py3-none-manylinux_2_17_i686.manylinux2014_i686.whl", hash = "sha256:a6fa2458527794ecdfbe45f654e42c61f2503a230545a91af839653a0a93dbc6", size = 12939168, upload-time = "2025-10-16T18:05:04.397Z" },
    { url = "https://files.pythonhosted.org/packages/b4/c2/70783f612b50f66d083380e68cbd1696739d88e9b4f6164230375532c637/ruff-0.14.1-py3-none-manylinux_2_17_ppc64.manylinux2014_ppc64.whl", hash = "sha256:39f1c392244e338b21d42ab29b8a6392a722c5090032eb49bb4d6defcdb34345", size = 14386942, upload-time = "2025-10-16T18:05:07.102Z" },
    { url = "https://files.pythonhosted.org/packages/48/44/cd7abb9c776b66d332119d67f96acf15830d120f5b884598a36d9d3f4d83/ruff-0.14.1-py3-none-manylinux_2_17_ppc64le.manylinux2014_ppc64le.whl", hash = "sha256:7382fa12a26cce1f95070ce450946bec357727aaa428983036362579eadcc5cf", size = 13990622, upload-time = "2025-10-16T18:05:09.882Z" },
    { url = "https://files.pythonhosted.org/packages/eb/56/4259b696db12ac152fe472764b4f78bbdd9b477afd9bc3a6d53c01300b37/ruff-0.14.1-py3-none-manylinux_2_17_s390x.manylinux2014_s390x.whl", hash = "sha256:dd0bf2be3ae8521e1093a487c4aa3b455882f139787770698530d28ed3fbb37c", size = 13431143, upload-time = "2025-10-16T18:05:13.46Z" },
    { url = "https://files.pythonhosted.org/packages/e0/35/266a80d0eb97bd224b3265b9437bd89dde0dcf4faf299db1212e81824e7e/ruff-0.14.1-py3-none-manylinux_2_17_x86_64.manylinux2014_x86_64.whl", hash = "sha256:cabcaa9ccf8089fb4fdb78d17cc0e28241520f50f4c2e88cb6261ed083d85151", size = 13132844, upload-time = "2025-10-16T18:05:16.1Z" },
    { url = "https://files.pythonhosted.org/packages/65/6e/d31ce218acc11a8d91ef208e002a31acf315061a85132f94f3df7a252b18/ruff-0.14.1-py3-none-manylinux_2_31_riscv64.whl", hash = "sha256:747d583400f6125ec11a4c14d1c8474bf75d8b419ad22a111a537ec1a952d192", size = 13401241, upload-time = "2025-10-16T18:05:19.395Z" },
    { url = "https://files.pythonhosted.org/packages/9f/b5/dbc4221bf0b03774b3b2f0d47f39e848d30664157c15b965a14d890637d2/ruff-0.14.1-py3-none-musllinux_1_2_aarch64.whl", hash = "sha256:5a6e74c0efd78515a1d13acbfe6c90f0f5bd822aa56b4a6d43a9ffb2ae6e56cd", size = 12132476, upload-time = "2025-10-16T18:05:22.163Z" },
    { url = "https://files.pythonhosted.org/packages/98/4b/ac99194e790ccd092d6a8b5f341f34b6e597d698e3077c032c502d75ea84/ruff-0.14.1-py3-none-musllinux_1_2_armv7l.whl", hash = "sha256:0ea6a864d2fb41a4b6d5b456ed164302a0d96f4daac630aeba829abfb059d020", size = 12139749, upload-time = "2025-10-16T18:05:25.162Z" },
    { url = "https://files.pythonhosted.org/packages/47/26/7df917462c3bb5004e6fdfcc505a49e90bcd8a34c54a051953118c00b53a/ruff-0.14.1-py3-none-musllinux_1_2_i686.whl", hash = "sha256:0826b8764f94229604fa255918d1cc45e583e38c21c203248b0bfc9a0e930be5", size = 12544758, upload-time = "2025-10-16T18:05:28.018Z" },
    { url = "https://files.pythonhosted.org/packages/64/d0/81e7f0648e9764ad9b51dd4be5e5dac3fcfff9602428ccbae288a39c2c22/ruff-0.14.1-py3-none-musllinux_1_2_x86_64.whl", hash = "sha256:cbc52160465913a1a3f424c81c62ac8096b6a491468e7d872cb9444a860bc33d", size = 13221811, upload-time = "2025-10-16T18:05:30.707Z" },
    { url = "https://files.pythonhosted.org/packages/c3/07/3c45562c67933cc35f6d5df4ca77dabbcd88fddaca0d6b8371693d29fd56/ruff-0.14.1-py3-none-win32.whl", hash = "sha256:e037ea374aaaff4103240ae79168c0945ae3d5ae8db190603de3b4012bd1def6", size = 12319467, upload-time = "2025-10-16T18:05:33.261Z" },
    { url = "https://files.pythonhosted.org/packages/02/88/0ee4ca507d4aa05f67e292d2e5eb0b3e358fbcfe527554a2eda9ac422d6b/ruff-0.14.1-py3-none-win_amd64.whl", hash = "sha256:59d599cdff9c7f925a017f6f2c256c908b094e55967f93f2821b1439928746a1", size = 13401123, upload-time = "2025-10-16T18:05:35.984Z" },
    { url = "https://files.pythonhosted.org/packages/b8/81/4b6387be7014858d924b843530e1b2a8e531846807516e9bea2ee0936bf7/ruff-0.14.1-py3-none-win_arm64.whl", hash = "sha256:e3b443c4c9f16ae850906b8d0a707b2a4c16f8d2f0a7fe65c475c5886665ce44", size = 12436636, upload-time = "2025-10-16T18:05:38.995Z" },
]

[[package]]
name = "six"
version = "1.17.0"
source = { registry = "https://pypi.org/simple" }
sdist = { url = "https://files.pythonhosted.org/packages/94/e7/b2c673351809dca68a0e064b6af791aa332cf192da575fd474ed7d6f16a2/six-1.17.0.tar.gz", hash = "sha256:ff70335d468e7eb6ec65b95b99d3a2836546063f63acc5171de367e834932a81", size = 34031, upload-time = "2024-12-04T17:35:28.174Z" }
wheels = [
    { url = "https://files.pythonhosted.org/packages/b7/ce/149a00dd41f10bc29e5921b496af8b574d8413afcd5e30dfa0ed46c2cc5e/six-1.17.0-py2.py3-none-any.whl", hash = "sha256:4721f391ed90541fddacab5acf947aa0d3dc7d27b2e1e8eda2be8970586c3274", size = 11050, upload-time = "2024-12-04T17:35:26.475Z" },
]

[[package]]
name = "tabulate"
version = "0.9.0"
source = { registry = "https://pypi.org/simple" }
sdist = { url = "https://files.pythonhosted.org/packages/ec/fe/802052aecb21e3797b8f7902564ab6ea0d60ff8ca23952079064155d1ae1/tabulate-0.9.0.tar.gz", hash = "sha256:0095b12bf5966de529c0feb1fa08671671b3368eec77d7ef7ab114be2c068b3c", size = 81090, upload-time = "2022-10-06T17:21:48.54Z" }
wheels = [
    { url = "https://files.pythonhosted.org/packages/40/44/4a5f08c96eb108af5cb50b41f76142f0afa346dfa99d5296fe7202a11854/tabulate-0.9.0-py3-none-any.whl", hash = "sha256:024ca478df22e9340661486f85298cff5f6dcdba14f3813e8830015b9ed1948f", size = 35252, upload-time = "2022-10-06T17:21:44.262Z" },
]

[[package]]
name = "tzdata"
version = "2025.1"
source = { registry = "https://pypi.org/simple" }
sdist = { url = "https://files.pythonhosted.org/packages/43/0f/fa4723f22942480be4ca9527bbde8d43f6c3f2fe8412f00e7f5f6746bc8b/tzdata-2025.1.tar.gz", hash = "sha256:24894909e88cdb28bd1636c6887801df64cb485bd593f2fd83ef29075a81d694", size = 194950, upload-time = "2025-01-21T19:49:38.686Z" }
wheels = [
    { url = "https://files.pythonhosted.org/packages/0f/dd/84f10e23edd882c6f968c21c2434fe67bd4a528967067515feca9e611e5e/tzdata-2025.1-py2.py3-none-any.whl", hash = "sha256:7e127113816800496f027041c570f50bcd464a020098a3b6b199517772303639", size = 346762, upload-time = "2025-01-21T19:49:37.187Z" },
]
